
Microsoft Visual Studio Solution File, Format Version 12.00
# Visual Studio Version 17
VisualStudioVersion = 17.1.32319.34
MinimumVisualStudioVersion = 10.0.40219.1
Project("{9A19103F-16F7-4668-BE54-9A1E7A4F7556}") = "SchoolAssistant.Web", "SchoolAssistantWeb\SchoolAssistant.Web.csproj", "{2F892D26-CE13-4843-A173-7C3B67482836}"
	ProjectSection(ProjectDependencies) = postProject
		{06DC0240-AADC-41F2-A910-2A3982B3F7A4} = {06DC0240-AADC-41F2-A910-2A3982B3F7A4}
	EndProjectSection
EndProject
Project("{9A19103F-16F7-4668-BE54-9A1E7A4F7556}") = "SchoolAssistant.DAL", "SchoolAssistant.DAL\SchoolAssistant.DAL.csproj", "{06DC0240-AADC-41F2-A910-2A3982B3F7A4}"
EndProject
Project("{9A19103F-16F7-4668-BE54-9A1E7A4F7556}") = "SchoolAssistant.Logic", "SchoolAssistant.Logic\SchoolAssistant.Logic.csproj", "{5D8F545A-E2C9-4D36-A31A-5268884620AE}"
EndProject
Project("{9A19103F-16F7-4668-BE54-9A1E7A4F7556}") = "SchoolAssistant.Infrastructure", "SchoolAssistant.Infrastructure\SchoolAssistant.Infrastructure.csproj", "{3D323DE3-848C-465B-98A2-BD68F2BDEE27}"
EndProject
Project("{9A19103F-16F7-4668-BE54-9A1E7A4F7556}") = "SchoolAssistant.API", "SchoolAssistant.API\SchoolAssistant.API.csproj", "{CF048AF3-60FF-402C-8D39-2A022DCD6D66}"
EndProject
Project("{FAE04EC0-301F-11D3-BF4B-00C04F79EFBC}") = "SchoolAssistans.Tests", "SchoolAssistans.Tests\SchoolAssistans.Tests.csproj", "{43591406-C720-4A1A-AD25-F461BE23EE6F}"
EndProject
Global
	GlobalSection(SolutionConfigurationPlatforms) = preSolution
		Debug|Any CPU = Debug|Any CPU
		Release|Any CPU = Release|Any CPU
	EndGlobalSection
	GlobalSection(ProjectConfigurationPlatforms) = postSolution
		{2F892D26-CE13-4843-A173-7C3B67482836}.Debug|Any CPU.ActiveCfg = Debug|Any CPU
		{2F892D26-CE13-4843-A173-7C3B67482836}.Debug|Any CPU.Build.0 = Debug|Any CPU
		{2F892D26-CE13-4843-A173-7C3B67482836}.Release|Any CPU.ActiveCfg = Release|Any CPU
		{2F892D26-CE13-4843-A173-7C3B67482836}.Release|Any CPU.Build.0 = Release|Any CPU
		{06DC0240-AADC-41F2-A910-2A3982B3F7A4}.Debug|Any CPU.ActiveCfg = Debug|Any CPU
		{06DC0240-AADC-41F2-A910-2A3982B3F7A4}.Debug|Any CPU.Build.0 = Debug|Any CPU
		{06DC0240-AADC-41F2-A910-2A3982B3F7A4}.Release|Any CPU.ActiveCfg = Release|Any CPU
		{06DC0240-AADC-41F2-A910-2A3982B3F7A4}.Release|Any CPU.Build.0 = Release|Any CPU
		{5D8F545A-E2C9-4D36-A31A-5268884620AE}.Debug|Any CPU.ActiveCfg = Debug|Any CPU
		{5D8F545A-E2C9-4D36-A31A-5268884620AE}.Debug|Any CPU.Build.0 = Debug|Any CPU
		{5D8F545A-E2C9-4D36-A31A-5268884620AE}.Release|Any CPU.ActiveCfg = Release|Any CPU
		{5D8F545A-E2C9-4D36-A31A-5268884620AE}.Release|Any CPU.Build.0 = Release|Any CPU
		{3D323DE3-848C-465B-98A2-BD68F2BDEE27}.Debug|Any CPU.ActiveCfg = Debug|Any CPU
		{3D323DE3-848C-465B-98A2-BD68F2BDEE27}.Debug|Any CPU.Build.0 = Debug|Any CPU
		{3D323DE3-848C-465B-98A2-BD68F2BDEE27}.Release|Any CPU.ActiveCfg = Release|Any CPU
		{3D323DE3-848C-465B-98A2-BD68F2BDEE27}.Release|Any CPU.Build.0 = Release|Any CPU
		{CF048AF3-60FF-402C-8D39-2A022DCD6D66}.Debug|Any CPU.ActiveCfg = Debug|Any CPU
		{CF048AF3-60FF-402C-8D39-2A022DCD6D66}.Debug|Any CPU.Build.0 = Debug|Any CPU
		{CF048AF3-60FF-402C-8D39-2A022DCD6D66}.Release|Any CPU.ActiveCfg = Release|Any CPU
		{CF048AF3-60FF-402C-8D39-2A022DCD6D66}.Release|Any CPU.Build.0 = Release|Any CPU
		{43591406-C720-4A1A-AD25-F461BE23EE6F}.Debug|Any CPU.ActiveCfg = Debug|Any CPU
		{43591406-C720-4A1A-AD25-F461BE23EE6F}.Debug|Any CPU.Build.0 = Debug|Any CPU
		{43591406-C720-4A1A-AD25-F461BE23EE6F}.Release|Any CPU.ActiveCfg = Release|Any CPU
		{43591406-C720-4A1A-AD25-F461BE23EE6F}.Release|Any CPU.Build.0 = Release|Any CPU
	EndGlobalSection
	GlobalSection(SolutionProperties) = preSolution
		HideSolutionNode = FALSE
	EndGlobalSection
	GlobalSection(ExtensibilityGlobals) = postSolution
		SolutionGuid = {435FFF7F-0BD5-45C2-85A1-AB683128942E}
	EndGlobalSection
EndGlobal
